// !$*UTF8*$!
{
	archiveVersion = 1;
	classes = {
	};
	objectVersion = 56;
	objects = {

/* Begin PBXGroup section */
		CE5CAB2728D1F005009EDDBC = {
			isa = PBXGroup;
			children = (
			);
			sourceTree = "<group>";
		};
/* End PBXGroup section */

/* Begin PBXProject section */
		CE5CAB2828D1F005009EDDBC /* Project object */ = {
			isa = PBXProject;
			attributes = {
				BuildIndependentTargetsInParallel = 1;
				LastUpgradeCheck = 1400;
			};
			buildConfigurationList = CE5CAB2B28D1F005009EDDBC /* Build configuration list for PBXProject "Walk Day" */;
			compatibilityVersion = "Xcode 14.0";
			developmentRegion = en;
			hasScannedForEncodings = 0;
			knownRegions = (
				en,
				Base,
			);
			mainGroup = CE5CAB2728D1F005009EDDBC;
			projectDirPath = "";
			projectRoot = "";
			targets = (
			);
		};
/* End PBXProject section */

/* Begin XCBuildConfiguration section */
		CE5CAB2C28D1F005009EDDBC /* Debug */ = {
			isa = XCBuildConfiguration;
			buildSettings = {
			};
			name = Debug;
		};
		CE5CAB2D28D1F005009EDDBC /* Release */ = {
			isa = XCBuildConfiguration;
			buildSettings = {
			};
			name = Release;
		};
/* End XCBuildConfiguration section */

/* Begin XCConfigurationList section */
		CE5CAB2B28D1F005009EDDBC /* Build configuration list for PBXProject "Walk Day" */ = {
			isa = XCConfigurationList;
			buildConfigurations = (
				CE5CAB2C28D1F005009EDDBC /* Debug */,
				CE5CAB2D28D1F005009EDDBC /* Release */,
			);
			defaultConfigurationIsVisible = 0;
			defaultConfigurationName = Release;
		};
/* End XCConfigurationList section */
	};
	rootObject = CE5CAB2828D1F005009EDDBC /* Project object */;
}
