// !$*UTF8*$!
{
	archiveVersion = 1;
	classes = {
	};
	objectVersion = 56;
	objects = {

/* Begin PBXBuildFile section */
		CE1E665B28F2C52B00C3199A /* Froob.swift in Sources */ = {isa = PBXBuildFile; fileRef = CE1E665A28F2C52B00C3199A /* Froob.swift */; };
		CE1E665D28F2CA5E00C3199A /* Today.Metrics.swift in Sources */ = {isa = PBXBuildFile; fileRef = CE1E665C28F2CA5E00C3199A /* Today.Metrics.swift */; };
		CE1E665F28F2CC2A00C3199A /* Metric.swift in Sources */ = {isa = PBXBuildFile; fileRef = CE1E665E28F2CC2A00C3199A /* Metric.swift */; };
		CE1E666128F2D19B00C3199A /* Onboarding.swift in Sources */ = {isa = PBXBuildFile; fileRef = CE1E666028F2D19B00C3199A /* Onboarding.swift */; };
		CE5E3D6228E48FBD002EA698 /* App.Delegate.swift in Sources */ = {isa = PBXBuildFile; fileRef = CE5E3D6128E48FBD002EA698 /* App.Delegate.swift */; };
		CE789EB928E1DC19006928DE /* Walker in Frameworks */ = {isa = PBXBuildFile; productRef = CE789EB828E1DC19006928DE /* Walker */; };
		CE789EBC28E1F4D3006928DE /* StoreKit.framework in Frameworks */ = {isa = PBXBuildFile; fileRef = CE789EBB28E1F4D3006928DE /* StoreKit.framework */; };
		CE812B6028D1F11300CD2210 /* App.swift in Sources */ = {isa = PBXBuildFile; fileRef = CE812B5F28D1F11300CD2210 /* App.swift */; };
		CE812B6228D1F11300CD2210 /* Main.swift in Sources */ = {isa = PBXBuildFile; fileRef = CE812B6128D1F11300CD2210 /* Main.swift */; };
		CE812B6428D1F11400CD2210 /* Assets.xcassets in Resources */ = {isa = PBXBuildFile; fileRef = CE812B6328D1F11400CD2210 /* Assets.xcassets */; };
		CE9442E528D892EE00BCDEB5 /* Progress.swift in Sources */ = {isa = PBXBuildFile; fileRef = CE9442E428D892EE00BCDEB5 /* Progress.swift */; };
		CE9442E728D8A8CB00BCDEB5 /* Options.swift in Sources */ = {isa = PBXBuildFile; fileRef = CE9442E628D8A8CB00BCDEB5 /* Options.swift */; };
		CE958B4828DB3C5A000F5855 /* Series.swift in Sources */ = {isa = PBXBuildFile; fileRef = CE958B4728DB3C5A000F5855 /* Series.swift */; };
		CE958B4A28DB48F3000F5855 /* Session.swift in Sources */ = {isa = PBXBuildFile; fileRef = CE958B4928DB48F3000F5855 /* Session.swift */; };
		CE958B4E28DB491D000F5855 /* Challenge.swift in Sources */ = {isa = PBXBuildFile; fileRef = CE958B4D28DB491D000F5855 /* Challenge.swift */; };
		CE98F60828D9EBE1005BC707 /* Goal.swift in Sources */ = {isa = PBXBuildFile; fileRef = CE98F60728D9EBE1005BC707 /* Goal.swift */; };
		CE9E935228E7363E00FA1CDD /* Settings.Metrics.swift in Sources */ = {isa = PBXBuildFile; fileRef = CE9E935128E7363E00FA1CDD /* Settings.Metrics.swift */; };
		CEA6D15E28EC419300DC165B /* Goal.Configure.swift in Sources */ = {isa = PBXBuildFile; fileRef = CEA6D15D28EC419300DC165B /* Goal.Configure.swift */; };
		CEAA3A4D28F301340030DF7D /* App.swift in Sources */ = {isa = PBXBuildFile; fileRef = CEAA3A4C28F301340030DF7D /* App.swift */; };
		CEAA3A4F28F301340030DF7D /* Main.swift in Sources */ = {isa = PBXBuildFile; fileRef = CEAA3A4E28F301340030DF7D /* Main.swift */; };
		CEAA3A5728F301340030DF7D /* WalkDay.app in Embed Watch Content */ = {isa = PBXBuildFile; fileRef = CEAA3A4A28F301340030DF7D /* WalkDay.app */; settings = {ATTRIBUTES = (RemoveHeadersOnCopy, ); }; };
		CEAA3A5D28F30F360030DF7D /* Media.xcassets in Resources */ = {isa = PBXBuildFile; fileRef = CEAA3A5C28F30F360030DF7D /* Media.xcassets */; };
		CEAA3A5E28F30F360030DF7D /* Media.xcassets in Resources */ = {isa = PBXBuildFile; fileRef = CEAA3A5C28F30F360030DF7D /* Media.xcassets */; };
		CEAA3A6028F31A190030DF7D /* Walker in Frameworks */ = {isa = PBXBuildFile; productRef = CEAA3A5F28F31A190030DF7D /* Walker */; };
		CEAA3A6528F31E810030DF7D /* Session.swift in Sources */ = {isa = PBXBuildFile; fileRef = CEAA3A6328F31E810030DF7D /* Session.swift */; };
		CEAA3A6828F31E8E0030DF7D /* App.Delegate.swift in Sources */ = {isa = PBXBuildFile; fileRef = CEAA3A6628F31E8E0030DF7D /* App.Delegate.swift */; };
		CEAA3A6A28F320490030DF7D /* Health.swift in Sources */ = {isa = PBXBuildFile; fileRef = CEAA3A6928F320490030DF7D /* Health.swift */; };
		CEAA3A6B28F320490030DF7D /* Health.swift in Sources */ = {isa = PBXBuildFile; fileRef = CEAA3A6928F320490030DF7D /* Health.swift */; };
		CEAA3A6C28F321120030DF7D /* Challenge.swift in Sources */ = {isa = PBXBuildFile; fileRef = CE958B4D28DB491D000F5855 /* Challenge.swift */; };
		CEAA3A6D28F321170030DF7D /* Series.swift in Sources */ = {isa = PBXBuildFile; fileRef = CE958B4728DB3C5A000F5855 /* Series.swift */; };
		CEAA3A6E28F3211A0030DF7D /* AttributedString.swift in Sources */ = {isa = PBXBuildFile; fileRef = CEDDC6C328E0534A00EB406B /* AttributedString.swift */; };
		CEAF8C3228DC907700DE9891 /* Stats.Display.swift in Sources */ = {isa = PBXBuildFile; fileRef = CEAF8C3128DC907700DE9891 /* Stats.Display.swift */; };
		CEB17F9A28F038B800DF335F /* Celebration.Layer.swift in Sources */ = {isa = PBXBuildFile; fileRef = CEB17F9928F038B800DF335F /* Celebration.Layer.swift */; };
		CEB17F9C28F0576400DF335F /* Celebration.aiff in Resources */ = {isa = PBXBuildFile; fileRef = CEB17F9B28F0576400DF335F /* Celebration.aiff */; };
		CEB92FB428EDB0A10094DB41 /* About.swift in Sources */ = {isa = PBXBuildFile; fileRef = CEB92FB328EDB0A10094DB41 /* About.swift */; };
		CEC5FF4C28F439C50083BD89 /* WidgetKit.framework in Frameworks */ = {isa = PBXBuildFile; fileRef = CEC5FF4B28F439C50083BD89 /* WidgetKit.framework */; };
		CEC5FF4E28F439C50083BD89 /* SwiftUI.framework in Frameworks */ = {isa = PBXBuildFile; fileRef = CEC5FF4D28F439C50083BD89 /* SwiftUI.framework */; };
		CEC5FF5128F439C50083BD89 /* Bundle.swift in Sources */ = {isa = PBXBuildFile; fileRef = CEC5FF5028F439C50083BD89 /* Bundle.swift */; };
		CEC5FF5328F439C50083BD89 /* Assets.xcassets in Resources */ = {isa = PBXBuildFile; fileRef = CEC5FF5228F439C50083BD89 /* Assets.xcassets */; };
		CEC5FF5728F439C50083BD89 /* WalkDay.appex in Embed Foundation Extensions */ = {isa = PBXBuildFile; fileRef = CEC5FF4A28F439C50083BD89 /* WalkDay.appex */; settings = {ATTRIBUTES = (RemoveHeadersOnCopy, ); }; };
		CEC5FF5E28F43A730083BD89 /* Large.swift in Sources */ = {isa = PBXBuildFile; fileRef = CEC5FF5C28F43A6C0083BD89 /* Large.swift */; };
		CEC5FF6228F43AA60083BD89 /* Provider.swift in Sources */ = {isa = PBXBuildFile; fileRef = CEC5FF6128F43AA60083BD89 /* Provider.swift */; };
		CEC5FF6428F43AC30083BD89 /* Entry.swift in Sources */ = {isa = PBXBuildFile; fileRef = CEC5FF6328F43AC30083BD89 /* Entry.swift */; };
		CEC5FF6628F43AED0083BD89 /* Walker in Frameworks */ = {isa = PBXBuildFile; productRef = CEC5FF6528F43AED0083BD89 /* Walker */; };
		CEC5FF6728F43C3F0083BD89 /* Media.xcassets in Resources */ = {isa = PBXBuildFile; fileRef = CEAA3A5C28F30F360030DF7D /* Media.xcassets */; };
		CEC5FF6928F43DB10083BD89 /* Tracker.swift in Sources */ = {isa = PBXBuildFile; fileRef = CEF8AF4C28D498B600EB04AB /* Tracker.swift */; };
		CEC5FF6A28F43E100083BD89 /* Progress.swift in Sources */ = {isa = PBXBuildFile; fileRef = CE9442E428D892EE00BCDEB5 /* Progress.swift */; };
		CEC5FF6B28F43E210083BD89 /* Series.swift in Sources */ = {isa = PBXBuildFile; fileRef = CE958B4728DB3C5A000F5855 /* Series.swift */; };
		CEC5FF6C28F43E290083BD89 /* AttributedString.swift in Sources */ = {isa = PBXBuildFile; fileRef = CEDDC6C328E0534A00EB406B /* AttributedString.swift */; };
		CEC5FF6E28F443EA0083BD89 /* Medium.swift in Sources */ = {isa = PBXBuildFile; fileRef = CEC5FF6D28F443EA0083BD89 /* Medium.swift */; };
		CEC5FF7028F4441A0083BD89 /* Small.swift in Sources */ = {isa = PBXBuildFile; fileRef = CEC5FF6F28F4441A0083BD89 /* Small.swift */; };
		CEC5FF7228F4445B0083BD89 /* Tracker.Gauge.swift in Sources */ = {isa = PBXBuildFile; fileRef = CEC5FF7128F4445B0083BD89 /* Tracker.Gauge.swift */; };
		CEC5FF7328F444640083BD89 /* Tracker.Gauge.swift in Sources */ = {isa = PBXBuildFile; fileRef = CEC5FF7128F4445B0083BD89 /* Tracker.Gauge.swift */; };
		CEC5FF7528F445510083BD89 /* Tracker.Stats.swift in Sources */ = {isa = PBXBuildFile; fileRef = CEC5FF7428F445510083BD89 /* Tracker.Stats.swift */; };
		CEC5FF7628F445510083BD89 /* Tracker.Stats.swift in Sources */ = {isa = PBXBuildFile; fileRef = CEC5FF7428F445510083BD89 /* Tracker.Stats.swift */; };
		CEC6C1AB28F427AE00197B32 /* Preferences.swift in Sources */ = {isa = PBXBuildFile; fileRef = CEC6C1AA28F427AE00197B32 /* Preferences.swift */; };
		CEC6C1AD28F42ACA00197B32 /* Tracker.swift in Sources */ = {isa = PBXBuildFile; fileRef = CEC6C1AC28F42ACA00197B32 /* Tracker.swift */; };
		CEC6C1AE28F42B7300197B32 /* Progress.swift in Sources */ = {isa = PBXBuildFile; fileRef = CE9442E428D892EE00BCDEB5 /* Progress.swift */; };
		CEC6C1AF28F4334D00197B32 /* Metric.swift in Sources */ = {isa = PBXBuildFile; fileRef = CE1E665E28F2CC2A00C3199A /* Metric.swift */; };
		CEDDC6C428E0534A00EB406B /* AttributedString.swift in Sources */ = {isa = PBXBuildFile; fileRef = CEDDC6C328E0534A00EB406B /* AttributedString.swift */; };
		CEE951DA28F449160084F80C /* Circular.swift in Sources */ = {isa = PBXBuildFile; fileRef = CEE951D928F449160084F80C /* Circular.swift */; };
		CEE951DC28F44C8C0084F80C /* Steps.swift in Sources */ = {isa = PBXBuildFile; fileRef = CEE951DB28F44C8C0084F80C /* Steps.swift */; };
		CEE951DE28F44FDA0084F80C /* Calories.swift in Sources */ = {isa = PBXBuildFile; fileRef = CEE951DD28F44FDA0084F80C /* Calories.swift */; };
		CEE951E028F44FE40084F80C /* Distance.swift in Sources */ = {isa = PBXBuildFile; fileRef = CEE951DF28F44FE40084F80C /* Distance.swift */; };
		CEE951E128F46A740084F80C /* Health.swift in Sources */ = {isa = PBXBuildFile; fileRef = CEAA3A6928F320490030DF7D /* Health.swift */; };
		CEE951E228F46C300084F80C /* Challenge.swift in Sources */ = {isa = PBXBuildFile; fileRef = CE958B4D28DB491D000F5855 /* Challenge.swift */; };
		CEF8AF4D28D498B600EB04AB /* Tracker.swift in Sources */ = {isa = PBXBuildFile; fileRef = CEF8AF4C28D498B600EB04AB /* Tracker.swift */; };
		CEF8AF4F28D4996500EB04AB /* Overview.swift in Sources */ = {isa = PBXBuildFile; fileRef = CEF8AF4E28D4996500EB04AB /* Overview.swift */; };
		CEF8AF5128D4A23D00EB04AB /* Preferences.swift in Sources */ = {isa = PBXBuildFile; fileRef = CEF8AF5028D4A23D00EB04AB /* Preferences.swift */; };
		CEF8AF5328D4B52600EB04AB /* Stats.swift in Sources */ = {isa = PBXBuildFile; fileRef = CEF8AF5228D4B52600EB04AB /* Stats.swift */; };
		CEF95E8E28EEE7000012C772 /* Sponsor.swift in Sources */ = {isa = PBXBuildFile; fileRef = CEF95E8D28EEE7000012C772 /* Sponsor.swift */; };
		CEF95E9028EEE8F70012C772 /* Store.swift in Sources */ = {isa = PBXBuildFile; fileRef = CEF95E8F28EEE8F70012C772 /* Store.swift */; };
		CEF95E9228EEFA430012C772 /* Purchased.swift in Sources */ = {isa = PBXBuildFile; fileRef = CEF95E9128EEFA430012C772 /* Purchased.swift */; };
		CEF95E9428EEFCF40012C772 /* Celebration.swift in Sources */ = {isa = PBXBuildFile; fileRef = CEF95E9328EEFCF40012C772 /* Celebration.swift */; };
		CEF95E9628EF25080012C772 /* Today.swift in Sources */ = {isa = PBXBuildFile; fileRef = CEF95E9528EF25080012C772 /* Today.swift */; };
/* End PBXBuildFile section */

/* Begin PBXContainerItemProxy section */
		CEAA3A5528F301340030DF7D /* PBXContainerItemProxy */ = {
			isa = PBXContainerItemProxy;
			containerPortal = CE5CAB2828D1F005009EDDBC /* Project object */;
			proxyType = 1;
			remoteGlobalIDString = CEAA3A4928F301340030DF7D;
			remoteInfo = "watchOS Watch App";
		};
		CEC5FF5528F439C50083BD89 /* PBXContainerItemProxy */ = {
			isa = PBXContainerItemProxy;
			containerPortal = CE5CAB2828D1F005009EDDBC /* Project object */;
			proxyType = 1;
			remoteGlobalIDString = CEC5FF4928F439C50083BD89;
			remoteInfo = WiOSExtension;
		};
/* End PBXContainerItemProxy section */

/* Begin PBXCopyFilesBuildPhase section */
		CEAA3A5828F301340030DF7D /* Embed Watch Content */ = {
			isa = PBXCopyFilesBuildPhase;
			buildActionMask = 2147483647;
			dstPath = "$(CONTENTS_FOLDER_PATH)/Watch";
			dstSubfolderSpec = 16;
			files = (
				CEAA3A5728F301340030DF7D /* WalkDay.app in Embed Watch Content */,
			);
			name = "Embed Watch Content";
			runOnlyForDeploymentPostprocessing = 0;
		};
		CEC5FF5828F439C50083BD89 /* Embed Foundation Extensions */ = {
			isa = PBXCopyFilesBuildPhase;
			buildActionMask = 2147483647;
			dstPath = "";
			dstSubfolderSpec = 13;
			files = (
				CEC5FF5728F439C50083BD89 /* WalkDay.appex in Embed Foundation Extensions */,
			);
			name = "Embed Foundation Extensions";
			runOnlyForDeploymentPostprocessing = 0;
		};
/* End PBXCopyFilesBuildPhase section */

/* Begin PBXFileReference section */
		CE1E665A28F2C52B00C3199A /* Froob.swift */ = {isa = PBXFileReference; lastKnownFileType = sourcecode.swift; path = Froob.swift; sourceTree = "<group>"; };
		CE1E665C28F2CA5E00C3199A /* Today.Metrics.swift */ = {isa = PBXFileReference; lastKnownFileType = sourcecode.swift; path = Today.Metrics.swift; sourceTree = "<group>"; };
		CE1E665E28F2CC2A00C3199A /* Metric.swift */ = {isa = PBXFileReference; lastKnownFileType = sourcecode.swift; path = Metric.swift; sourceTree = "<group>"; };
		CE1E666028F2D19B00C3199A /* Onboarding.swift */ = {isa = PBXFileReference; lastKnownFileType = sourcecode.swift; path = Onboarding.swift; sourceTree = "<group>"; };
		CE5E3D6128E48FBD002EA698 /* App.Delegate.swift */ = {isa = PBXFileReference; lastKnownFileType = sourcecode.swift; path = App.Delegate.swift; sourceTree = "<group>"; };
		CE789EBA28E1F4B7006928DE /* iOS.entitlements */ = {isa = PBXFileReference; lastKnownFileType = text.plist.entitlements; path = iOS.entitlements; sourceTree = "<group>"; };
		CE789EBB28E1F4D3006928DE /* StoreKit.framework */ = {isa = PBXFileReference; lastKnownFileType = wrapper.framework; name = StoreKit.framework; path = Platforms/iPhoneOS.platform/Developer/SDKs/iPhoneOS16.0.sdk/System/Library/Frameworks/StoreKit.framework; sourceTree = DEVELOPER_DIR; };
		CE812B5C28D1F11300CD2210 /* WalkDay.app */ = {isa = PBXFileReference; explicitFileType = wrapper.application; includeInIndex = 0; path = WalkDay.app; sourceTree = BUILT_PRODUCTS_DIR; };
		CE812B5F28D1F11300CD2210 /* App.swift */ = {isa = PBXFileReference; lastKnownFileType = sourcecode.swift; path = App.swift; sourceTree = "<group>"; };
		CE812B6128D1F11300CD2210 /* Main.swift */ = {isa = PBXFileReference; lastKnownFileType = sourcecode.swift; path = Main.swift; sourceTree = "<group>"; };
		CE812B6328D1F11400CD2210 /* Assets.xcassets */ = {isa = PBXFileReference; lastKnownFileType = folder.assetcatalog; path = Assets.xcassets; sourceTree = "<group>"; };
		CE9442E428D892EE00BCDEB5 /* Progress.swift */ = {isa = PBXFileReference; lastKnownFileType = sourcecode.swift; path = Progress.swift; sourceTree = "<group>"; };
		CE9442E628D8A8CB00BCDEB5 /* Options.swift */ = {isa = PBXFileReference; lastKnownFileType = sourcecode.swift; path = Options.swift; sourceTree = "<group>"; };
		CE958B4728DB3C5A000F5855 /* Series.swift */ = {isa = PBXFileReference; lastKnownFileType = sourcecode.swift; path = Series.swift; sourceTree = "<group>"; };
		CE958B4928DB48F3000F5855 /* Session.swift */ = {isa = PBXFileReference; lastKnownFileType = sourcecode.swift; path = Session.swift; sourceTree = "<group>"; };
		CE958B4D28DB491D000F5855 /* Challenge.swift */ = {isa = PBXFileReference; lastKnownFileType = sourcecode.swift; path = Challenge.swift; sourceTree = "<group>"; };
		CE98F60728D9EBE1005BC707 /* Goal.swift */ = {isa = PBXFileReference; lastKnownFileType = sourcecode.swift; path = Goal.swift; sourceTree = "<group>"; };
		CE9E935128E7363E00FA1CDD /* Settings.Metrics.swift */ = {isa = PBXFileReference; lastKnownFileType = sourcecode.swift; path = Settings.Metrics.swift; sourceTree = "<group>"; };
		CEA6D15D28EC419300DC165B /* Goal.Configure.swift */ = {isa = PBXFileReference; lastKnownFileType = sourcecode.swift; path = Goal.Configure.swift; sourceTree = "<group>"; };
		CEAA3A4A28F301340030DF7D /* WalkDay.app */ = {isa = PBXFileReference; explicitFileType = wrapper.application; includeInIndex = 0; path = WalkDay.app; sourceTree = BUILT_PRODUCTS_DIR; };
		CEAA3A4C28F301340030DF7D /* App.swift */ = {isa = PBXFileReference; lastKnownFileType = sourcecode.swift; path = App.swift; sourceTree = "<group>"; };
		CEAA3A4E28F301340030DF7D /* Main.swift */ = {isa = PBXFileReference; lastKnownFileType = sourcecode.swift; path = Main.swift; sourceTree = "<group>"; };
		CEAA3A5C28F30F360030DF7D /* Media.xcassets */ = {isa = PBXFileReference; lastKnownFileType = folder.assetcatalog; path = Media.xcassets; sourceTree = "<group>"; };
		CEAA3A6128F31A240030DF7D /* Info.plist */ = {isa = PBXFileReference; lastKnownFileType = text.plist; path = Info.plist; sourceTree = "<group>"; };
		CEAA3A6228F31A3C0030DF7D /* watchOS.entitlements */ = {isa = PBXFileReference; lastKnownFileType = text.plist.entitlements; path = watchOS.entitlements; sourceTree = "<group>"; };
		CEAA3A6328F31E810030DF7D /* Session.swift */ = {isa = PBXFileReference; lastKnownFileType = sourcecode.swift; path = Session.swift; sourceTree = "<group>"; };
		CEAA3A6628F31E8E0030DF7D /* App.Delegate.swift */ = {isa = PBXFileReference; lastKnownFileType = sourcecode.swift; path = App.Delegate.swift; sourceTree = "<group>"; };
		CEAA3A6928F320490030DF7D /* Health.swift */ = {isa = PBXFileReference; lastKnownFileType = sourcecode.swift; path = Health.swift; sourceTree = "<group>"; };
		CEAC540F28E1CAA900A4B634 /* Walker */ = {isa = PBXFileReference; lastKnownFileType = wrapper; path = Walker; sourceTree = "<group>"; };
		CEAF8C3128DC907700DE9891 /* Stats.Display.swift */ = {isa = PBXFileReference; lastKnownFileType = sourcecode.swift; path = Stats.Display.swift; sourceTree = "<group>"; };
		CEB17F9928F038B800DF335F /* Celebration.Layer.swift */ = {isa = PBXFileReference; lastKnownFileType = sourcecode.swift; path = Celebration.Layer.swift; sourceTree = "<group>"; };
		CEB17F9B28F0576400DF335F /* Celebration.aiff */ = {isa = PBXFileReference; lastKnownFileType = audio.aiff; path = Celebration.aiff; sourceTree = "<group>"; };
		CEB92FB328EDB0A10094DB41 /* About.swift */ = {isa = PBXFileReference; lastKnownFileType = sourcecode.swift; path = About.swift; sourceTree = "<group>"; };
		CEB92FB528EDBE880094DB41 /* Walk Day.storekit */ = {isa = PBXFileReference; lastKnownFileType = text; path = "Walk Day.storekit"; sourceTree = "<group>"; };
		CEC5FF4A28F439C50083BD89 /* WalkDay.appex */ = {isa = PBXFileReference; explicitFileType = "wrapper.app-extension"; includeInIndex = 0; path = WalkDay.appex; sourceTree = BUILT_PRODUCTS_DIR; };
		CEC5FF4B28F439C50083BD89 /* WidgetKit.framework */ = {isa = PBXFileReference; lastKnownFileType = wrapper.framework; name = WidgetKit.framework; path = System/Library/Frameworks/WidgetKit.framework; sourceTree = SDKROOT; };
		CEC5FF4D28F439C50083BD89 /* SwiftUI.framework */ = {isa = PBXFileReference; lastKnownFileType = wrapper.framework; name = SwiftUI.framework; path = System/Library/Frameworks/SwiftUI.framework; sourceTree = SDKROOT; };
		CEC5FF5028F439C50083BD89 /* Bundle.swift */ = {isa = PBXFileReference; lastKnownFileType = sourcecode.swift; path = Bundle.swift; sourceTree = "<group>"; };
		CEC5FF5228F439C50083BD89 /* Assets.xcassets */ = {isa = PBXFileReference; lastKnownFileType = folder.assetcatalog; path = Assets.xcassets; sourceTree = "<group>"; };
		CEC5FF5428F439C50083BD89 /* Info.plist */ = {isa = PBXFileReference; lastKnownFileType = text.plist.xml; path = Info.plist; sourceTree = "<group>"; };
		CEC5FF5C28F43A6C0083BD89 /* Large.swift */ = {isa = PBXFileReference; lastKnownFileType = sourcecode.swift; path = Large.swift; sourceTree = "<group>"; };
		CEC5FF6128F43AA60083BD89 /* Provider.swift */ = {isa = PBXFileReference; lastKnownFileType = sourcecode.swift; path = Provider.swift; sourceTree = "<group>"; };
		CEC5FF6328F43AC30083BD89 /* Entry.swift */ = {isa = PBXFileReference; lastKnownFileType = sourcecode.swift; path = Entry.swift; sourceTree = "<group>"; };
		CEC5FF6D28F443EA0083BD89 /* Medium.swift */ = {isa = PBXFileReference; lastKnownFileType = sourcecode.swift; path = Medium.swift; sourceTree = "<group>"; };
		CEC5FF6F28F4441A0083BD89 /* Small.swift */ = {isa = PBXFileReference; lastKnownFileType = sourcecode.swift; path = Small.swift; sourceTree = "<group>"; };
		CEC5FF7128F4445B0083BD89 /* Tracker.Gauge.swift */ = {isa = PBXFileReference; lastKnownFileType = sourcecode.swift; path = Tracker.Gauge.swift; sourceTree = "<group>"; };
		CEC5FF7428F445510083BD89 /* Tracker.Stats.swift */ = {isa = PBXFileReference; lastKnownFileType = sourcecode.swift; path = Tracker.Stats.swift; sourceTree = "<group>"; };
		CEC6C1AA28F427AE00197B32 /* Preferences.swift */ = {isa = PBXFileReference; lastKnownFileType = sourcecode.swift; path = Preferences.swift; sourceTree = "<group>"; };
		CEC6C1AC28F42ACA00197B32 /* Tracker.swift */ = {isa = PBXFileReference; lastKnownFileType = sourcecode.swift; path = Tracker.swift; sourceTree = "<group>"; };
		CEDDC6C328E0534A00EB406B /* AttributedString.swift */ = {isa = PBXFileReference; lastKnownFileType = sourcecode.swift; path = AttributedString.swift; sourceTree = "<group>"; };
		CEE951D928F449160084F80C /* Circular.swift */ = {isa = PBXFileReference; lastKnownFileType = sourcecode.swift; path = Circular.swift; sourceTree = "<group>"; };
		CEE951DB28F44C8C0084F80C /* Steps.swift */ = {isa = PBXFileReference; lastKnownFileType = sourcecode.swift; path = Steps.swift; sourceTree = "<group>"; };
		CEE951DD28F44FDA0084F80C /* Calories.swift */ = {isa = PBXFileReference; lastKnownFileType = sourcecode.swift; path = Calories.swift; sourceTree = "<group>"; };
		CEE951DF28F44FE40084F80C /* Distance.swift */ = {isa = PBXFileReference; lastKnownFileType = sourcecode.swift; path = Distance.swift; sourceTree = "<group>"; };
		CEE951E328F46C920084F80C /* WiOSExtension.entitlements */ = {isa = PBXFileReference; lastKnownFileType = text.plist.entitlements; path = WiOSExtension.entitlements; sourceTree = "<group>"; };
		CEF8AF4B28D4887000EB04AB /* Info.plist */ = {isa = PBXFileReference; lastKnownFileType = text.plist; path = Info.plist; sourceTree = "<group>"; };
		CEF8AF4C28D498B600EB04AB /* Tracker.swift */ = {isa = PBXFileReference; lastKnownFileType = sourcecode.swift; path = Tracker.swift; sourceTree = "<group>"; };
		CEF8AF4E28D4996500EB04AB /* Overview.swift */ = {isa = PBXFileReference; lastKnownFileType = sourcecode.swift; path = Overview.swift; sourceTree = "<group>"; };
		CEF8AF5028D4A23D00EB04AB /* Preferences.swift */ = {isa = PBXFileReference; lastKnownFileType = sourcecode.swift; path = Preferences.swift; sourceTree = "<group>"; };
		CEF8AF5228D4B52600EB04AB /* Stats.swift */ = {isa = PBXFileReference; lastKnownFileType = sourcecode.swift; path = Stats.swift; sourceTree = "<group>"; };
		CEF95E8D28EEE7000012C772 /* Sponsor.swift */ = {isa = PBXFileReference; lastKnownFileType = sourcecode.swift; path = Sponsor.swift; sourceTree = "<group>"; };
		CEF95E8F28EEE8F70012C772 /* Store.swift */ = {isa = PBXFileReference; lastKnownFileType = sourcecode.swift; path = Store.swift; sourceTree = "<group>"; };
		CEF95E9128EEFA430012C772 /* Purchased.swift */ = {isa = PBXFileReference; lastKnownFileType = sourcecode.swift; path = Purchased.swift; sourceTree = "<group>"; };
		CEF95E9328EEFCF40012C772 /* Celebration.swift */ = {isa = PBXFileReference; lastKnownFileType = sourcecode.swift; path = Celebration.swift; sourceTree = "<group>"; };
		CEF95E9528EF25080012C772 /* Today.swift */ = {isa = PBXFileReference; lastKnownFileType = sourcecode.swift; path = Today.swift; sourceTree = "<group>"; };
/* End PBXFileReference section */

/* Begin PBXFrameworksBuildPhase section */
		CE812B5928D1F11300CD2210 /* Frameworks */ = {
			isa = PBXFrameworksBuildPhase;
			buildActionMask = 2147483647;
			files = (
				CE789EB928E1DC19006928DE /* Walker in Frameworks */,
				CE789EBC28E1F4D3006928DE /* StoreKit.framework in Frameworks */,
			);
			runOnlyForDeploymentPostprocessing = 0;
		};
		CEAA3A4728F301340030DF7D /* Frameworks */ = {
			isa = PBXFrameworksBuildPhase;
			buildActionMask = 2147483647;
			files = (
				CEAA3A6028F31A190030DF7D /* Walker in Frameworks */,
			);
			runOnlyForDeploymentPostprocessing = 0;
		};
		CEC5FF4728F439C50083BD89 /* Frameworks */ = {
			isa = PBXFrameworksBuildPhase;
			buildActionMask = 2147483647;
			files = (
				CEC5FF4E28F439C50083BD89 /* SwiftUI.framework in Frameworks */,
				CEC5FF4C28F439C50083BD89 /* WidgetKit.framework in Frameworks */,
				CEC5FF6628F43AED0083BD89 /* Walker in Frameworks */,
			);
			runOnlyForDeploymentPostprocessing = 0;
		};
/* End PBXFrameworksBuildPhase section */

/* Begin PBXGroup section */
		CE5CAB2728D1F005009EDDBC = {
			isa = PBXGroup;
			children = (
				CEE951E328F46C920084F80C /* WiOSExtension.entitlements */,
				CEAC540F28E1CAA900A4B634 /* Walker */,
				CE789EB728E1DC19006928DE /* Frameworks */,
				CE812B5E28D1F11300CD2210 /* iOS */,
				CE812B5D28D1F11300CD2210 /* Products */,
				CE958B4628DB3C3B000F5855 /* Shared */,
				CEAA3A4B28F301340030DF7D /* watchOS */,
				CEC5FF4F28F439C50083BD89 /* WiOS */,
			);
			sourceTree = "<group>";
		};
		CE789EB728E1DC19006928DE /* Frameworks */ = {
			isa = PBXGroup;
			children = (
				CE789EBB28E1F4D3006928DE /* StoreKit.framework */,
				CEC5FF4B28F439C50083BD89 /* WidgetKit.framework */,
				CEC5FF4D28F439C50083BD89 /* SwiftUI.framework */,
			);
			name = Frameworks;
			sourceTree = "<group>";
		};
		CE812B5D28D1F11300CD2210 /* Products */ = {
			isa = PBXGroup;
			children = (
				CE812B5C28D1F11300CD2210 /* WalkDay.app */,
				CEAA3A4A28F301340030DF7D /* WalkDay.app */,
				CEC5FF4A28F439C50083BD89 /* WalkDay.appex */,
			);
			name = Products;
			sourceTree = "<group>";
		};
		CE812B5E28D1F11300CD2210 /* iOS */ = {
			isa = PBXGroup;
			children = (
				CEB17F9B28F0576400DF335F /* Celebration.aiff */,
				CE789EBA28E1F4B7006928DE /* iOS.entitlements */,
				CEF8AF4B28D4887000EB04AB /* Info.plist */,
				CEB92FB528EDBE880094DB41 /* Walk Day.storekit */,
				CEB92FB328EDB0A10094DB41 /* About.swift */,
				CE5E3D6128E48FBD002EA698 /* App.Delegate.swift */,
				CE812B5F28D1F11300CD2210 /* App.swift */,
				CEB17F9928F038B800DF335F /* Celebration.Layer.swift */,
				CEF95E9328EEFCF40012C772 /* Celebration.swift */,
				CE1E665A28F2C52B00C3199A /* Froob.swift */,
				CEA6D15D28EC419300DC165B /* Goal.Configure.swift */,
				CE98F60728D9EBE1005BC707 /* Goal.swift */,
				CE812B6128D1F11300CD2210 /* Main.swift */,
				CE1E666028F2D19B00C3199A /* Onboarding.swift */,
				CE9442E628D8A8CB00BCDEB5 /* Options.swift */,
				CEF8AF4E28D4996500EB04AB /* Overview.swift */,
				CEF8AF5028D4A23D00EB04AB /* Preferences.swift */,
				CEF95E9128EEFA430012C772 /* Purchased.swift */,
				CE958B4928DB48F3000F5855 /* Session.swift */,
				CE9E935128E7363E00FA1CDD /* Settings.Metrics.swift */,
				CEF95E8D28EEE7000012C772 /* Sponsor.swift */,
				CEAF8C3128DC907700DE9891 /* Stats.Display.swift */,
				CEF8AF5228D4B52600EB04AB /* Stats.swift */,
				CEF95E8F28EEE8F70012C772 /* Store.swift */,
				CE1E665C28F2CA5E00C3199A /* Today.Metrics.swift */,
				CEF95E9528EF25080012C772 /* Today.swift */,
				CE812B6328D1F11400CD2210 /* Assets.xcassets */,
			);
			path = iOS;
			sourceTree = "<group>";
		};
		CE958B4628DB3C3B000F5855 /* Shared */ = {
			isa = PBXGroup;
			children = (
				CEDDC6C328E0534A00EB406B /* AttributedString.swift */,
				CE958B4D28DB491D000F5855 /* Challenge.swift */,
				CEAA3A6928F320490030DF7D /* Health.swift */,
				CE1E665E28F2CC2A00C3199A /* Metric.swift */,
				CE9442E428D892EE00BCDEB5 /* Progress.swift */,
				CE958B4728DB3C5A000F5855 /* Series.swift */,
				CEC5FF7128F4445B0083BD89 /* Tracker.Gauge.swift */,
				CEC5FF7428F445510083BD89 /* Tracker.Stats.swift */,
				CEF8AF4C28D498B600EB04AB /* Tracker.swift */,
				CEAA3A5C28F30F360030DF7D /* Media.xcassets */,
			);
			path = Shared;
			sourceTree = "<group>";
		};
		CEAA3A4B28F301340030DF7D /* watchOS */ = {
			isa = PBXGroup;
			children = (
				CEAA3A6228F31A3C0030DF7D /* watchOS.entitlements */,
				CEAA3A6128F31A240030DF7D /* Info.plist */,
				CEAA3A6628F31E8E0030DF7D /* App.Delegate.swift */,
				CEAA3A4C28F301340030DF7D /* App.swift */,
				CEAA3A4E28F301340030DF7D /* Main.swift */,
				CEC6C1AA28F427AE00197B32 /* Preferences.swift */,
				CEAA3A6328F31E810030DF7D /* Session.swift */,
				CEC6C1AC28F42ACA00197B32 /* Tracker.swift */,
			);
			path = watchOS;
			sourceTree = "<group>";
		};
		CEC5FF4F28F439C50083BD89 /* WiOS */ = {
			isa = PBXGroup;
			children = (
				CEC5FF5428F439C50083BD89 /* Info.plist */,
				CEC5FF5028F439C50083BD89 /* Bundle.swift */,
				CEE951DD28F44FDA0084F80C /* Calories.swift */,
				CEE951D928F449160084F80C /* Circular.swift */,
				CEE951DF28F44FE40084F80C /* Distance.swift */,
				CEC5FF6328F43AC30083BD89 /* Entry.swift */,
				CEC5FF5C28F43A6C0083BD89 /* Large.swift */,
				CEC5FF6D28F443EA0083BD89 /* Medium.swift */,
				CEC5FF6128F43AA60083BD89 /* Provider.swift */,
				CEC5FF6F28F4441A0083BD89 /* Small.swift */,
				CEE951DB28F44C8C0084F80C /* Steps.swift */,
				CEC5FF5228F439C50083BD89 /* Assets.xcassets */,
			);
			path = WiOS;
			sourceTree = "<group>";
		};
/* End PBXGroup section */

/* Begin PBXNativeTarget section */
		CE812B5B28D1F11300CD2210 /* iOS */ = {
			isa = PBXNativeTarget;
			buildConfigurationList = CE812B6A28D1F11400CD2210 /* Build configuration list for PBXNativeTarget "iOS" */;
			buildPhases = (
				CE812B5828D1F11300CD2210 /* Sources */,
				CE812B5928D1F11300CD2210 /* Frameworks */,
				CE812B5A28D1F11300CD2210 /* Resources */,
				CEAA3A5828F301340030DF7D /* Embed Watch Content */,
				CEC5FF5828F439C50083BD89 /* Embed Foundation Extensions */,
			);
			buildRules = (
			);
			dependencies = (
				CEAA3A5628F301340030DF7D /* PBXTargetDependency */,
				CEC5FF5628F439C50083BD89 /* PBXTargetDependency */,
			);
			name = iOS;
			packageProductDependencies = (
				CE789EB828E1DC19006928DE /* Walker */,
			);
			productName = iOS;
			productReference = CE812B5C28D1F11300CD2210 /* WalkDay.app */;
			productType = "com.apple.product-type.application";
		};
		CEAA3A4928F301340030DF7D /* watchOS */ = {
			isa = PBXNativeTarget;
			buildConfigurationList = CEAA3A5B28F301340030DF7D /* Build configuration list for PBXNativeTarget "watchOS" */;
			buildPhases = (
				CEAA3A4628F301340030DF7D /* Sources */,
				CEAA3A4728F301340030DF7D /* Frameworks */,
				CEAA3A4828F301340030DF7D /* Resources */,
			);
			buildRules = (
			);
			dependencies = (
			);
			name = watchOS;
			packageProductDependencies = (
				CEAA3A5F28F31A190030DF7D /* Walker */,
			);
			productName = "watchOS Watch App";
			productReference = CEAA3A4A28F301340030DF7D /* WalkDay.app */;
			productType = "com.apple.product-type.application";
		};
		CEC5FF4928F439C50083BD89 /* WiOSExtension */ = {
			isa = PBXNativeTarget;
			buildConfigurationList = CEC5FF5B28F439C50083BD89 /* Build configuration list for PBXNativeTarget "WiOSExtension" */;
			buildPhases = (
				CEC5FF4628F439C50083BD89 /* Sources */,
				CEC5FF4728F439C50083BD89 /* Frameworks */,
				CEC5FF4828F439C50083BD89 /* Resources */,
			);
			buildRules = (
			);
			dependencies = (
			);
			name = WiOSExtension;
			packageProductDependencies = (
				CEC5FF6528F43AED0083BD89 /* Walker */,
			);
			productName = WiOSExtension;
			productReference = CEC5FF4A28F439C50083BD89 /* WalkDay.appex */;
			productType = "com.apple.product-type.app-extension";
		};
/* End PBXNativeTarget section */

/* Begin PBXProject section */
		CE5CAB2828D1F005009EDDBC /* Project object */ = {
			isa = PBXProject;
			attributes = {
				BuildIndependentTargetsInParallel = 1;
				LastSwiftUpdateCheck = 1400;
				LastUpgradeCheck = 1400;
				TargetAttributes = {
					CE812B5B28D1F11300CD2210 = {
						CreatedOnToolsVersion = 14.0;
					};
					CEAA3A4928F301340030DF7D = {
						CreatedOnToolsVersion = 14.0.1;
					};
					CEC5FF4928F439C50083BD89 = {
						CreatedOnToolsVersion = 14.0.1;
					};
				};
			};
			buildConfigurationList = CE5CAB2B28D1F005009EDDBC /* Build configuration list for PBXProject "Walk Day" */;
			compatibilityVersion = "Xcode 14.0";
			developmentRegion = en;
			hasScannedForEncodings = 0;
			knownRegions = (
				en,
				Base,
			);
			mainGroup = CE5CAB2728D1F005009EDDBC;
			productRefGroup = CE812B5D28D1F11300CD2210 /* Products */;
			projectDirPath = "";
			projectRoot = "";
			targets = (
				CE812B5B28D1F11300CD2210 /* iOS */,
				CEAA3A4928F301340030DF7D /* watchOS */,
				CEC5FF4928F439C50083BD89 /* WiOSExtension */,
			);
		};
/* End PBXProject section */

/* Begin PBXResourcesBuildPhase section */
		CE812B5A28D1F11300CD2210 /* Resources */ = {
			isa = PBXResourcesBuildPhase;
			buildActionMask = 2147483647;
			files = (
				CEB17F9C28F0576400DF335F /* Celebration.aiff in Resources */,
				CEAA3A5D28F30F360030DF7D /* Media.xcassets in Resources */,
				CE812B6428D1F11400CD2210 /* Assets.xcassets in Resources */,
			);
			runOnlyForDeploymentPostprocessing = 0;
		};
		CEAA3A4828F301340030DF7D /* Resources */ = {
			isa = PBXResourcesBuildPhase;
			buildActionMask = 2147483647;
			files = (
				CEAA3A5E28F30F360030DF7D /* Media.xcassets in Resources */,
			);
			runOnlyForDeploymentPostprocessing = 0;
		};
		CEC5FF4828F439C50083BD89 /* Resources */ = {
			isa = PBXResourcesBuildPhase;
			buildActionMask = 2147483647;
			files = (
				CEC5FF6728F43C3F0083BD89 /* Media.xcassets in Resources */,
				CEC5FF5328F439C50083BD89 /* Assets.xcassets in Resources */,
			);
			runOnlyForDeploymentPostprocessing = 0;
		};
/* End PBXResourcesBuildPhase section */

/* Begin PBXSourcesBuildPhase section */
		CE812B5828D1F11300CD2210 /* Sources */ = {
			isa = PBXSourcesBuildPhase;
			buildActionMask = 2147483647;
			files = (
				CEF95E9428EEFCF40012C772 /* Celebration.swift in Sources */,
				CEDDC6C428E0534A00EB406B /* AttributedString.swift in Sources */,
				CEC5FF7228F4445B0083BD89 /* Tracker.Gauge.swift in Sources */,
				CEF8AF4F28D4996500EB04AB /* Overview.swift in Sources */,
				CE958B4E28DB491D000F5855 /* Challenge.swift in Sources */,
				CEAA3A6A28F320490030DF7D /* Health.swift in Sources */,
				CEF8AF5328D4B52600EB04AB /* Stats.swift in Sources */,
				CEB17F9A28F038B800DF335F /* Celebration.Layer.swift in Sources */,
				CE1E665F28F2CC2A00C3199A /* Metric.swift in Sources */,
				CEF8AF4D28D498B600EB04AB /* Tracker.swift in Sources */,
				CEF95E9628EF25080012C772 /* Today.swift in Sources */,
				CE5E3D6228E48FBD002EA698 /* App.Delegate.swift in Sources */,
				CE1E666128F2D19B00C3199A /* Onboarding.swift in Sources */,
				CE9442E528D892EE00BCDEB5 /* Progress.swift in Sources */,
				CEF95E9228EEFA430012C772 /* Purchased.swift in Sources */,
				CEB92FB428EDB0A10094DB41 /* About.swift in Sources */,
				CEF95E8E28EEE7000012C772 /* Sponsor.swift in Sources */,
				CE1E665B28F2C52B00C3199A /* Froob.swift in Sources */,
				CE958B4828DB3C5A000F5855 /* Series.swift in Sources */,
				CEAF8C3228DC907700DE9891 /* Stats.Display.swift in Sources */,
				CE9442E728D8A8CB00BCDEB5 /* Options.swift in Sources */,
				CEF8AF5128D4A23D00EB04AB /* Preferences.swift in Sources */,
				CE958B4A28DB48F3000F5855 /* Session.swift in Sources */,
				CE1E665D28F2CA5E00C3199A /* Today.Metrics.swift in Sources */,
				CEC5FF7528F445510083BD89 /* Tracker.Stats.swift in Sources */,
				CEA6D15E28EC419300DC165B /* Goal.Configure.swift in Sources */,
				CEF95E9028EEE8F70012C772 /* Store.swift in Sources */,
				CE812B6228D1F11300CD2210 /* Main.swift in Sources */,
				CE98F60828D9EBE1005BC707 /* Goal.swift in Sources */,
				CE9E935228E7363E00FA1CDD /* Settings.Metrics.swift in Sources */,
				CE812B6028D1F11300CD2210 /* App.swift in Sources */,
			);
			runOnlyForDeploymentPostprocessing = 0;
		};
		CEAA3A4628F301340030DF7D /* Sources */ = {
			isa = PBXSourcesBuildPhase;
			buildActionMask = 2147483647;
			files = (
				CEAA3A6E28F3211A0030DF7D /* AttributedString.swift in Sources */,
				CEAA3A4F28F301340030DF7D /* Main.swift in Sources */,
				CEC6C1AD28F42ACA00197B32 /* Tracker.swift in Sources */,
				CEC6C1AF28F4334D00197B32 /* Metric.swift in Sources */,
				CEAA3A6C28F321120030DF7D /* Challenge.swift in Sources */,
				CEAA3A4D28F301340030DF7D /* App.swift in Sources */,
				CEAA3A6528F31E810030DF7D /* Session.swift in Sources */,
				CEC6C1AE28F42B7300197B32 /* Progress.swift in Sources */,
				CEAA3A6B28F320490030DF7D /* Health.swift in Sources */,
				CEAA3A6828F31E8E0030DF7D /* App.Delegate.swift in Sources */,
				CEAA3A6D28F321170030DF7D /* Series.swift in Sources */,
				CEC6C1AB28F427AE00197B32 /* Preferences.swift in Sources */,
			);
			runOnlyForDeploymentPostprocessing = 0;
		};
		CEC5FF4628F439C50083BD89 /* Sources */ = {
			isa = PBXSourcesBuildPhase;
			buildActionMask = 2147483647;
			files = (
				CEC5FF7328F444640083BD89 /* Tracker.Gauge.swift in Sources */,
				CEE951E228F46C300084F80C /* Challenge.swift in Sources */,
				CEC5FF6C28F43E290083BD89 /* AttributedString.swift in Sources */,
				CEC5FF6928F43DB10083BD89 /* Tracker.swift in Sources */,
				CEC5FF6428F43AC30083BD89 /* Entry.swift in Sources */,
				CEE951E028F44FE40084F80C /* Distance.swift in Sources */,
				CEC5FF6B28F43E210083BD89 /* Series.swift in Sources */,
				CEC5FF6A28F43E100083BD89 /* Progress.swift in Sources */,
				CEC5FF7028F4441A0083BD89 /* Small.swift in Sources */,
				CEC5FF7628F445510083BD89 /* Tracker.Stats.swift in Sources */,
				CEC5FF5E28F43A730083BD89 /* Large.swift in Sources */,
				CEC5FF6E28F443EA0083BD89 /* Medium.swift in Sources */,
				CEE951DE28F44FDA0084F80C /* Calories.swift in Sources */,
				CEC5FF6228F43AA60083BD89 /* Provider.swift in Sources */,
				CEE951E128F46A740084F80C /* Health.swift in Sources */,
				CEE951DA28F449160084F80C /* Circular.swift in Sources */,
				CEE951DC28F44C8C0084F80C /* Steps.swift in Sources */,
				CEC5FF5128F439C50083BD89 /* Bundle.swift in Sources */,
			);
			runOnlyForDeploymentPostprocessing = 0;
		};
/* End PBXSourcesBuildPhase section */

/* Begin PBXTargetDependency section */
		CEAA3A5628F301340030DF7D /* PBXTargetDependency */ = {
			isa = PBXTargetDependency;
			target = CEAA3A4928F301340030DF7D /* watchOS */;
			targetProxy = CEAA3A5528F301340030DF7D /* PBXContainerItemProxy */;
		};
		CEC5FF5628F439C50083BD89 /* PBXTargetDependency */ = {
			isa = PBXTargetDependency;
			target = CEC5FF4928F439C50083BD89 /* WiOSExtension */;
			targetProxy = CEC5FF5528F439C50083BD89 /* PBXContainerItemProxy */;
		};
/* End PBXTargetDependency section */

/* Begin XCBuildConfiguration section */
		CE5CAB2C28D1F005009EDDBC /* Debug */ = {
			isa = XCBuildConfiguration;
			buildSettings = {
				ASSETCATALOG_COMPILER_OPTIMIZATION = "";
				CLANG_ENABLE_MODULES = YES;
				CLANG_WARN_BLOCK_CAPTURE_AUTORELEASING = YES;
				CLANG_WARN_BOOL_CONVERSION = YES;
				CLANG_WARN_COMMA = YES;
				CLANG_WARN_CONSTANT_CONVERSION = YES;
				CLANG_WARN_DEPRECATED_OBJC_IMPLEMENTATIONS = YES;
				CLANG_WARN_EMPTY_BODY = YES;
				CLANG_WARN_ENUM_CONVERSION = YES;
				CLANG_WARN_INFINITE_RECURSION = YES;
				CLANG_WARN_INT_CONVERSION = YES;
				CLANG_WARN_NON_LITERAL_NULL_CONVERSION = YES;
				CLANG_WARN_OBJC_IMPLICIT_RETAIN_SELF = YES;
				CLANG_WARN_OBJC_LITERAL_CONVERSION = YES;
				CLANG_WARN_QUOTED_INCLUDE_IN_FRAMEWORK_HEADER = YES;
				CLANG_WARN_RANGE_LOOP_ANALYSIS = YES;
				CLANG_WARN_STRICT_PROTOTYPES = YES;
				CLANG_WARN_SUSPICIOUS_MOVE = YES;
				CLANG_WARN_UNREACHABLE_CODE = YES;
				CLANG_WARN__DUPLICATE_METHOD_MATCH = YES;
				CURRENT_PROJECT_VERSION = "$(MARKETING_VERSION)";
				DEAD_CODE_STRIPPING = YES;
				DEBUG_INFORMATION_FORMAT = dwarf;
				ENABLE_STRICT_OBJC_MSGSEND = YES;
				ENABLE_TESTABILITY = YES;
				GCC_NO_COMMON_BLOCKS = YES;
				GCC_OPTIMIZATION_LEVEL = 0;
				GCC_WARN_64_TO_32_BIT_CONVERSION = YES;
				GCC_WARN_ABOUT_RETURN_TYPE = YES;
				GCC_WARN_UNDECLARED_SELECTOR = YES;
				GCC_WARN_UNINITIALIZED_AUTOS = YES;
				GCC_WARN_UNUSED_FUNCTION = YES;
				GCC_WARN_UNUSED_VARIABLE = YES;
				IPHONEOS_DEPLOYMENT_TARGET = 16.0;
				MARKETING_VERSION = 1;
				ONLY_ACTIVE_ARCH = YES;
				PRODUCT_NAME = WalkDay;
				SWIFT_COMPILATION_MODE = singlefile;
				SWIFT_INSTALL_OBJC_HEADER = NO;
				SWIFT_OPTIMIZATION_LEVEL = "-Onone";
				SWIFT_STRICT_CONCURRENCY = complete;
				SWIFT_VERSION = 5.0;
				WATCHOS_DEPLOYMENT_TARGET = 9.0;
			};
			name = Debug;
		};
		CE5CAB2D28D1F005009EDDBC /* Release */ = {
			isa = XCBuildConfiguration;
			buildSettings = {
				ASSETCATALOG_COMPILER_OPTIMIZATION = time;
				CLANG_ENABLE_MODULES = YES;
				CLANG_WARN_BLOCK_CAPTURE_AUTORELEASING = YES;
				CLANG_WARN_BOOL_CONVERSION = YES;
				CLANG_WARN_COMMA = YES;
				CLANG_WARN_CONSTANT_CONVERSION = YES;
				CLANG_WARN_DEPRECATED_OBJC_IMPLEMENTATIONS = YES;
				CLANG_WARN_EMPTY_BODY = YES;
				CLANG_WARN_ENUM_CONVERSION = YES;
				CLANG_WARN_INFINITE_RECURSION = YES;
				CLANG_WARN_INT_CONVERSION = YES;
				CLANG_WARN_NON_LITERAL_NULL_CONVERSION = YES;
				CLANG_WARN_OBJC_IMPLICIT_RETAIN_SELF = YES;
				CLANG_WARN_OBJC_LITERAL_CONVERSION = YES;
				CLANG_WARN_QUOTED_INCLUDE_IN_FRAMEWORK_HEADER = YES;
				CLANG_WARN_RANGE_LOOP_ANALYSIS = YES;
				CLANG_WARN_STRICT_PROTOTYPES = YES;
				CLANG_WARN_SUSPICIOUS_MOVE = YES;
				CLANG_WARN_UNREACHABLE_CODE = YES;
				CLANG_WARN__DUPLICATE_METHOD_MATCH = YES;
				CURRENT_PROJECT_VERSION = "$(MARKETING_VERSION)";
				DEAD_CODE_STRIPPING = YES;
				DEBUG_INFORMATION_FORMAT = "dwarf-with-dsym";
				ENABLE_STRICT_OBJC_MSGSEND = YES;
				GCC_NO_COMMON_BLOCKS = YES;
				GCC_OPTIMIZATION_LEVEL = fast;
				GCC_WARN_64_TO_32_BIT_CONVERSION = YES;
				GCC_WARN_ABOUT_RETURN_TYPE = YES;
				GCC_WARN_UNDECLARED_SELECTOR = YES;
				GCC_WARN_UNINITIALIZED_AUTOS = YES;
				GCC_WARN_UNUSED_FUNCTION = YES;
				GCC_WARN_UNUSED_VARIABLE = YES;
				IPHONEOS_DEPLOYMENT_TARGET = 16.0;
				MARKETING_VERSION = 1;
				PRODUCT_NAME = WalkDay;
				SWIFT_COMPILATION_MODE = wholemodule;
				SWIFT_INSTALL_OBJC_HEADER = NO;
				SWIFT_OPTIMIZATION_LEVEL = "-O";
				SWIFT_STRICT_CONCURRENCY = complete;
				SWIFT_VERSION = 5.0;
				WATCHOS_DEPLOYMENT_TARGET = 9.0;
			};
			name = Release;
		};
		CE812B6828D1F11400CD2210 /* Debug */ = {
			isa = XCBuildConfiguration;
			buildSettings = {
				ALWAYS_EMBED_SWIFT_STANDARD_LIBRARIES = YES;
				ALWAYS_SEARCH_USER_PATHS = NO;
				ASSETCATALOG_COMPILER_APPICON_NAME = AppIcon;
				ASSETCATALOG_COMPILER_GLOBAL_ACCENT_COLOR_NAME = AccentColor;
				CLANG_ANALYZER_NONNULL = YES;
				CLANG_ANALYZER_NUMBER_OBJECT_CONVERSION = YES_AGGRESSIVE;
				CLANG_CXX_LANGUAGE_STANDARD = "gnu++20";
				CLANG_ENABLE_OBJC_ARC = YES;
				CLANG_ENABLE_OBJC_WEAK = YES;
				CLANG_WARN_BLOCK_CAPTURE_AUTORELEASING = YES;
				CLANG_WARN_BOOL_CONVERSION = YES;
				CLANG_WARN_COMMA = YES;
				CLANG_WARN_CONSTANT_CONVERSION = YES;
				CLANG_WARN_DEPRECATED_OBJC_IMPLEMENTATIONS = YES;
				CLANG_WARN_DIRECT_OBJC_ISA_USAGE = YES_ERROR;
				CLANG_WARN_DOCUMENTATION_COMMENTS = YES;
				CLANG_WARN_EMPTY_BODY = YES;
				CLANG_WARN_ENUM_CONVERSION = YES;
				CLANG_WARN_INFINITE_RECURSION = YES;
				CLANG_WARN_INT_CONVERSION = YES;
				CLANG_WARN_NON_LITERAL_NULL_CONVERSION = YES;
				CLANG_WARN_OBJC_IMPLICIT_RETAIN_SELF = YES;
				CLANG_WARN_OBJC_LITERAL_CONVERSION = YES;
				CLANG_WARN_OBJC_ROOT_CLASS = YES_ERROR;
				CLANG_WARN_QUOTED_INCLUDE_IN_FRAMEWORK_HEADER = YES;
				CLANG_WARN_RANGE_LOOP_ANALYSIS = YES;
				CLANG_WARN_STRICT_PROTOTYPES = YES;
				CLANG_WARN_SUSPICIOUS_MOVE = YES;
				CLANG_WARN_UNGUARDED_AVAILABILITY = YES_AGGRESSIVE;
				CLANG_WARN_UNREACHABLE_CODE = YES;
				CLANG_WARN__DUPLICATE_METHOD_MATCH = YES;
				CODE_SIGN_ENTITLEMENTS = iOS/iOS.entitlements;
				CODE_SIGN_STYLE = Automatic;
				COPY_PHASE_STRIP = NO;
				DEVELOPMENT_TEAM = 7AMWG3RLHN;
				ENABLE_STRICT_OBJC_MSGSEND = YES;
				ENABLE_TESTABILITY = YES;
				GCC_C_LANGUAGE_STANDARD = gnu11;
				GCC_DYNAMIC_NO_PIC = NO;
				GCC_NO_COMMON_BLOCKS = YES;
				GCC_PREPROCESSOR_DEFINITIONS = (
					"DEBUG=1",
					"$(inherited)",
				);
				GCC_WARN_64_TO_32_BIT_CONVERSION = YES;
				GCC_WARN_ABOUT_RETURN_TYPE = YES_ERROR;
				GCC_WARN_UNDECLARED_SELECTOR = YES;
				GCC_WARN_UNINITIALIZED_AUTOS = YES_AGGRESSIVE;
				GCC_WARN_UNUSED_FUNCTION = YES;
				GCC_WARN_UNUSED_VARIABLE = YES;
				GENERATE_INFOPLIST_FILE = YES;
				INFOPLIST_FILE = iOS/Info.plist;
				INFOPLIST_KEY_CFBundleDisplayName = "Walk Day";
				INFOPLIST_KEY_NSHealthShareUsageDescription = "Walk Day needs access to your step count, walking distance and calories burned while walking to display an overview.";
				INFOPLIST_KEY_NSHealthUpdateUsageDescription = "Walk Day needs access to your step count, walking distance and calories burned while walking to display an overview.";
				INFOPLIST_KEY_UIApplicationSupportsIndirectInputEvents = YES;
				INFOPLIST_KEY_UIStatusBarStyle = UIStatusBarStyleLightContent;
				INFOPLIST_KEY_UISupportedInterfaceOrientations = UIInterfaceOrientationPortrait;
				INFOPLIST_KEY_UISupportedInterfaceOrientations_iPad = "UIInterfaceOrientationLandscapeLeft UIInterfaceOrientationLandscapeRight UIInterfaceOrientationPortrait UIInterfaceOrientationPortraitUpsideDown";
				LD_RUNPATH_SEARCH_PATHS = (
					"$(inherited)",
					"@executable_path/Frameworks",
				);
				MTL_ENABLE_DEBUG_INFO = INCLUDE_SOURCE;
				MTL_FAST_MATH = YES;
				ONLY_ACTIVE_ARCH = YES;
				PRODUCT_BUNDLE_IDENTIFIER = walkday;
				SDKROOT = iphoneos;
				SUPPORTED_PLATFORMS = "iphoneos iphonesimulator";
				SUPPORTS_MACCATALYST = NO;
				SUPPORTS_MAC_DESIGNED_FOR_IPHONE_IPAD = NO;
				SWIFT_ACTIVE_COMPILATION_CONDITIONS = DEBUG;
				SWIFT_EMIT_LOC_STRINGS = YES;
				TARGETED_DEVICE_FAMILY = 1;
			};
			name = Debug;
		};
		CE812B6928D1F11400CD2210 /* Release */ = {
			isa = XCBuildConfiguration;
			buildSettings = {
				ALWAYS_EMBED_SWIFT_STANDARD_LIBRARIES = YES;
				ALWAYS_SEARCH_USER_PATHS = NO;
				ASSETCATALOG_COMPILER_APPICON_NAME = AppIcon;
				ASSETCATALOG_COMPILER_GLOBAL_ACCENT_COLOR_NAME = AccentColor;
				CLANG_ANALYZER_NONNULL = YES;
				CLANG_ANALYZER_NUMBER_OBJECT_CONVERSION = YES_AGGRESSIVE;
				CLANG_CXX_LANGUAGE_STANDARD = "gnu++20";
				CLANG_ENABLE_OBJC_ARC = YES;
				CLANG_ENABLE_OBJC_WEAK = YES;
				CLANG_WARN_BLOCK_CAPTURE_AUTORELEASING = YES;
				CLANG_WARN_BOOL_CONVERSION = YES;
				CLANG_WARN_COMMA = YES;
				CLANG_WARN_CONSTANT_CONVERSION = YES;
				CLANG_WARN_DEPRECATED_OBJC_IMPLEMENTATIONS = YES;
				CLANG_WARN_DIRECT_OBJC_ISA_USAGE = YES_ERROR;
				CLANG_WARN_DOCUMENTATION_COMMENTS = YES;
				CLANG_WARN_EMPTY_BODY = YES;
				CLANG_WARN_ENUM_CONVERSION = YES;
				CLANG_WARN_INFINITE_RECURSION = YES;
				CLANG_WARN_INT_CONVERSION = YES;
				CLANG_WARN_NON_LITERAL_NULL_CONVERSION = YES;
				CLANG_WARN_OBJC_IMPLICIT_RETAIN_SELF = YES;
				CLANG_WARN_OBJC_LITERAL_CONVERSION = YES;
				CLANG_WARN_OBJC_ROOT_CLASS = YES_ERROR;
				CLANG_WARN_QUOTED_INCLUDE_IN_FRAMEWORK_HEADER = YES;
				CLANG_WARN_RANGE_LOOP_ANALYSIS = YES;
				CLANG_WARN_STRICT_PROTOTYPES = YES;
				CLANG_WARN_SUSPICIOUS_MOVE = YES;
				CLANG_WARN_UNGUARDED_AVAILABILITY = YES_AGGRESSIVE;
				CLANG_WARN_UNREACHABLE_CODE = YES;
				CLANG_WARN__DUPLICATE_METHOD_MATCH = YES;
				CODE_SIGN_ENTITLEMENTS = iOS/iOS.entitlements;
				CODE_SIGN_STYLE = Automatic;
				COPY_PHASE_STRIP = NO;
				DEVELOPMENT_TEAM = 7AMWG3RLHN;
				ENABLE_NS_ASSERTIONS = NO;
				ENABLE_STRICT_OBJC_MSGSEND = YES;
				GCC_C_LANGUAGE_STANDARD = gnu11;
				GCC_NO_COMMON_BLOCKS = YES;
				GCC_WARN_64_TO_32_BIT_CONVERSION = YES;
				GCC_WARN_ABOUT_RETURN_TYPE = YES_ERROR;
				GCC_WARN_UNDECLARED_SELECTOR = YES;
				GCC_WARN_UNINITIALIZED_AUTOS = YES_AGGRESSIVE;
				GCC_WARN_UNUSED_FUNCTION = YES;
				GCC_WARN_UNUSED_VARIABLE = YES;
				GENERATE_INFOPLIST_FILE = YES;
				INFOPLIST_FILE = iOS/Info.plist;
				INFOPLIST_KEY_CFBundleDisplayName = "Walk Day";
				INFOPLIST_KEY_NSHealthShareUsageDescription = "Walk Day needs access to your step count, walking distance and calories burned while walking to display an overview.";
				INFOPLIST_KEY_NSHealthUpdateUsageDescription = "Walk Day needs access to your step count, walking distance and calories burned while walking to display an overview.";
				INFOPLIST_KEY_UIApplicationSupportsIndirectInputEvents = YES;
				INFOPLIST_KEY_UIStatusBarStyle = UIStatusBarStyleLightContent;
				INFOPLIST_KEY_UISupportedInterfaceOrientations = UIInterfaceOrientationPortrait;
				INFOPLIST_KEY_UISupportedInterfaceOrientations_iPad = "UIInterfaceOrientationLandscapeLeft UIInterfaceOrientationLandscapeRight UIInterfaceOrientationPortrait UIInterfaceOrientationPortraitUpsideDown";
				LD_RUNPATH_SEARCH_PATHS = (
					"$(inherited)",
					"@executable_path/Frameworks",
				);
				MTL_ENABLE_DEBUG_INFO = NO;
				MTL_FAST_MATH = YES;
				PRODUCT_BUNDLE_IDENTIFIER = walkday;
				SDKROOT = iphoneos;
				SUPPORTED_PLATFORMS = "iphoneos iphonesimulator";
				SUPPORTS_MACCATALYST = NO;
				SUPPORTS_MAC_DESIGNED_FOR_IPHONE_IPAD = NO;
				SWIFT_EMIT_LOC_STRINGS = YES;
				TARGETED_DEVICE_FAMILY = 1;
				VALIDATE_PRODUCT = YES;
			};
			name = Release;
		};
		CEAA3A5928F301340030DF7D /* Debug */ = {
			isa = XCBuildConfiguration;
			buildSettings = {
				ALWAYS_SEARCH_USER_PATHS = NO;
				ASSETCATALOG_COMPILER_APPICON_NAME = AppIcon;
				ASSETCATALOG_COMPILER_GLOBAL_ACCENT_COLOR_NAME = AccentColor;
				CLANG_ANALYZER_NONNULL = YES;
				CLANG_ANALYZER_NUMBER_OBJECT_CONVERSION = YES_AGGRESSIVE;
				CLANG_CXX_LANGUAGE_STANDARD = "gnu++20";
				CLANG_ENABLE_OBJC_ARC = YES;
				CLANG_ENABLE_OBJC_WEAK = YES;
				CLANG_WARN_BLOCK_CAPTURE_AUTORELEASING = YES;
				CLANG_WARN_BOOL_CONVERSION = YES;
				CLANG_WARN_COMMA = YES;
				CLANG_WARN_CONSTANT_CONVERSION = YES;
				CLANG_WARN_DEPRECATED_OBJC_IMPLEMENTATIONS = YES;
				CLANG_WARN_DIRECT_OBJC_ISA_USAGE = YES_ERROR;
				CLANG_WARN_DOCUMENTATION_COMMENTS = YES;
				CLANG_WARN_EMPTY_BODY = YES;
				CLANG_WARN_ENUM_CONVERSION = YES;
				CLANG_WARN_INFINITE_RECURSION = YES;
				CLANG_WARN_INT_CONVERSION = YES;
				CLANG_WARN_NON_LITERAL_NULL_CONVERSION = YES;
				CLANG_WARN_OBJC_IMPLICIT_RETAIN_SELF = YES;
				CLANG_WARN_OBJC_LITERAL_CONVERSION = YES;
				CLANG_WARN_OBJC_ROOT_CLASS = YES_ERROR;
				CLANG_WARN_QUOTED_INCLUDE_IN_FRAMEWORK_HEADER = YES;
				CLANG_WARN_RANGE_LOOP_ANALYSIS = YES;
				CLANG_WARN_STRICT_PROTOTYPES = YES;
				CLANG_WARN_SUSPICIOUS_MOVE = YES;
				CLANG_WARN_UNGUARDED_AVAILABILITY = YES_AGGRESSIVE;
				CLANG_WARN_UNREACHABLE_CODE = YES;
				CLANG_WARN__DUPLICATE_METHOD_MATCH = YES;
				CODE_SIGN_ENTITLEMENTS = watchOS/watchOS.entitlements;
				CODE_SIGN_STYLE = Automatic;
				COPY_PHASE_STRIP = NO;
				DEVELOPMENT_TEAM = 7AMWG3RLHN;
				ENABLE_STRICT_OBJC_MSGSEND = YES;
				ENABLE_TESTABILITY = YES;
				GCC_C_LANGUAGE_STANDARD = gnu11;
				GCC_DYNAMIC_NO_PIC = NO;
				GCC_NO_COMMON_BLOCKS = YES;
				GCC_PREPROCESSOR_DEFINITIONS = (
					"DEBUG=1",
					"$(inherited)",
				);
				GCC_WARN_64_TO_32_BIT_CONVERSION = YES;
				GCC_WARN_ABOUT_RETURN_TYPE = YES_ERROR;
				GCC_WARN_UNDECLARED_SELECTOR = YES;
				GCC_WARN_UNINITIALIZED_AUTOS = YES_AGGRESSIVE;
				GCC_WARN_UNUSED_FUNCTION = YES;
				GCC_WARN_UNUSED_VARIABLE = YES;
				GENERATE_INFOPLIST_FILE = YES;
				INFOPLIST_FILE = watchOS/Info.plist;
				INFOPLIST_KEY_CFBundleDisplayName = "Walk Day";
				INFOPLIST_KEY_NSHealthShareUsageDescription = "Walk Day needs access to your step count, walking distance and calories burned while walking to display an overview.";
				INFOPLIST_KEY_NSHealthUpdateUsageDescription = "Walk Day needs access to your step count, walking distance and calories burned while walking to display an overview.";
				INFOPLIST_KEY_UISupportedInterfaceOrientations = "UIInterfaceOrientationPortrait UIInterfaceOrientationPortraitUpsideDown";
				INFOPLIST_KEY_WKCompanionAppBundleIdentifier = walkday;
				INFOPLIST_KEY_WKRunsIndependentlyOfCompanionApp = YES;
				LD_RUNPATH_SEARCH_PATHS = (
					"$(inherited)",
					"@executable_path/Frameworks",
				);
				MTL_ENABLE_DEBUG_INFO = INCLUDE_SOURCE;
				MTL_FAST_MATH = YES;
				ONLY_ACTIVE_ARCH = YES;
				PRODUCT_BUNDLE_IDENTIFIER = walkday.watch;
				PRODUCT_MODULE_NAME = "$(PRODUCT_NAME:c99extidentifier)watch";
				SDKROOT = watchos;
				SKIP_INSTALL = YES;
				SWIFT_ACTIVE_COMPILATION_CONDITIONS = DEBUG;
				SWIFT_EMIT_LOC_STRINGS = YES;
				TARGETED_DEVICE_FAMILY = 4;
			};
			name = Debug;
		};
		CEAA3A5A28F301340030DF7D /* Release */ = {
			isa = XCBuildConfiguration;
			buildSettings = {
				ALWAYS_SEARCH_USER_PATHS = NO;
				ASSETCATALOG_COMPILER_APPICON_NAME = AppIcon;
				ASSETCATALOG_COMPILER_GLOBAL_ACCENT_COLOR_NAME = AccentColor;
				CLANG_ANALYZER_NONNULL = YES;
				CLANG_ANALYZER_NUMBER_OBJECT_CONVERSION = YES_AGGRESSIVE;
				CLANG_CXX_LANGUAGE_STANDARD = "gnu++20";
				CLANG_ENABLE_OBJC_ARC = YES;
				CLANG_ENABLE_OBJC_WEAK = YES;
				CLANG_WARN_BLOCK_CAPTURE_AUTORELEASING = YES;
				CLANG_WARN_BOOL_CONVERSION = YES;
				CLANG_WARN_COMMA = YES;
				CLANG_WARN_CONSTANT_CONVERSION = YES;
				CLANG_WARN_DEPRECATED_OBJC_IMPLEMENTATIONS = YES;
				CLANG_WARN_DIRECT_OBJC_ISA_USAGE = YES_ERROR;
				CLANG_WARN_DOCUMENTATION_COMMENTS = YES;
				CLANG_WARN_EMPTY_BODY = YES;
				CLANG_WARN_ENUM_CONVERSION = YES;
				CLANG_WARN_INFINITE_RECURSION = YES;
				CLANG_WARN_INT_CONVERSION = YES;
				CLANG_WARN_NON_LITERAL_NULL_CONVERSION = YES;
				CLANG_WARN_OBJC_IMPLICIT_RETAIN_SELF = YES;
				CLANG_WARN_OBJC_LITERAL_CONVERSION = YES;
				CLANG_WARN_OBJC_ROOT_CLASS = YES_ERROR;
				CLANG_WARN_QUOTED_INCLUDE_IN_FRAMEWORK_HEADER = YES;
				CLANG_WARN_RANGE_LOOP_ANALYSIS = YES;
				CLANG_WARN_STRICT_PROTOTYPES = YES;
				CLANG_WARN_SUSPICIOUS_MOVE = YES;
				CLANG_WARN_UNGUARDED_AVAILABILITY = YES_AGGRESSIVE;
				CLANG_WARN_UNREACHABLE_CODE = YES;
				CLANG_WARN__DUPLICATE_METHOD_MATCH = YES;
				CODE_SIGN_ENTITLEMENTS = watchOS/watchOS.entitlements;
				CODE_SIGN_STYLE = Automatic;
				COPY_PHASE_STRIP = NO;
				DEVELOPMENT_TEAM = 7AMWG3RLHN;
				ENABLE_NS_ASSERTIONS = NO;
				ENABLE_STRICT_OBJC_MSGSEND = YES;
				GCC_C_LANGUAGE_STANDARD = gnu11;
				GCC_NO_COMMON_BLOCKS = YES;
				GCC_WARN_64_TO_32_BIT_CONVERSION = YES;
				GCC_WARN_ABOUT_RETURN_TYPE = YES_ERROR;
				GCC_WARN_UNDECLARED_SELECTOR = YES;
				GCC_WARN_UNINITIALIZED_AUTOS = YES_AGGRESSIVE;
				GCC_WARN_UNUSED_FUNCTION = YES;
				GCC_WARN_UNUSED_VARIABLE = YES;
				GENERATE_INFOPLIST_FILE = YES;
				INFOPLIST_FILE = watchOS/Info.plist;
				INFOPLIST_KEY_CFBundleDisplayName = "Walk Day";
				INFOPLIST_KEY_NSHealthShareUsageDescription = "Walk Day needs access to your step count, walking distance and calories burned while walking to display an overview.";
				INFOPLIST_KEY_NSHealthUpdateUsageDescription = "Walk Day needs access to your step count, walking distance and calories burned while walking to display an overview.";
				INFOPLIST_KEY_UISupportedInterfaceOrientations = "UIInterfaceOrientationPortrait UIInterfaceOrientationPortraitUpsideDown";
				INFOPLIST_KEY_WKCompanionAppBundleIdentifier = walkday;
				INFOPLIST_KEY_WKRunsIndependentlyOfCompanionApp = YES;
				LD_RUNPATH_SEARCH_PATHS = (
					"$(inherited)",
					"@executable_path/Frameworks",
				);
				MTL_ENABLE_DEBUG_INFO = NO;
				MTL_FAST_MATH = YES;
				PRODUCT_BUNDLE_IDENTIFIER = walkday.watch;
				PRODUCT_MODULE_NAME = "$(PRODUCT_NAME:c99extidentifier)watch";
				SDKROOT = watchos;
				SKIP_INSTALL = YES;
				SWIFT_EMIT_LOC_STRINGS = YES;
				TARGETED_DEVICE_FAMILY = 4;
				VALIDATE_PRODUCT = YES;
			};
			name = Release;
		};
		CEC5FF5928F439C50083BD89 /* Debug */ = {
			isa = XCBuildConfiguration;
			buildSettings = {
				ALWAYS_SEARCH_USER_PATHS = NO;
				ASSETCATALOG_COMPILER_GLOBAL_ACCENT_COLOR_NAME = AccentColor;
				ASSETCATALOG_COMPILER_WIDGET_BACKGROUND_COLOR_NAME = WidgetBackground;
				CLANG_ANALYZER_NONNULL = YES;
				CLANG_ANALYZER_NUMBER_OBJECT_CONVERSION = YES_AGGRESSIVE;
				CLANG_CXX_LANGUAGE_STANDARD = "gnu++20";
				CLANG_ENABLE_OBJC_ARC = YES;
				CLANG_ENABLE_OBJC_WEAK = YES;
				CLANG_WARN_BLOCK_CAPTURE_AUTORELEASING = YES;
				CLANG_WARN_BOOL_CONVERSION = YES;
				CLANG_WARN_COMMA = YES;
				CLANG_WARN_CONSTANT_CONVERSION = YES;
				CLANG_WARN_DEPRECATED_OBJC_IMPLEMENTATIONS = YES;
				CLANG_WARN_DIRECT_OBJC_ISA_USAGE = YES_ERROR;
				CLANG_WARN_DOCUMENTATION_COMMENTS = YES;
				CLANG_WARN_EMPTY_BODY = YES;
				CLANG_WARN_ENUM_CONVERSION = YES;
				CLANG_WARN_INFINITE_RECURSION = YES;
				CLANG_WARN_INT_CONVERSION = YES;
				CLANG_WARN_NON_LITERAL_NULL_CONVERSION = YES;
				CLANG_WARN_OBJC_IMPLICIT_RETAIN_SELF = YES;
				CLANG_WARN_OBJC_LITERAL_CONVERSION = YES;
				CLANG_WARN_OBJC_ROOT_CLASS = YES_ERROR;
				CLANG_WARN_QUOTED_INCLUDE_IN_FRAMEWORK_HEADER = YES;
				CLANG_WARN_RANGE_LOOP_ANALYSIS = YES;
				CLANG_WARN_STRICT_PROTOTYPES = YES;
				CLANG_WARN_SUSPICIOUS_MOVE = YES;
				CLANG_WARN_UNGUARDED_AVAILABILITY = YES_AGGRESSIVE;
				CLANG_WARN_UNREACHABLE_CODE = YES;
				CLANG_WARN__DUPLICATE_METHOD_MATCH = YES;
				CODE_SIGN_ENTITLEMENTS = WiOSExtension.entitlements;
				CODE_SIGN_STYLE = Automatic;
				COPY_PHASE_STRIP = NO;
				DEVELOPMENT_TEAM = 7AMWG3RLHN;
				ENABLE_STRICT_OBJC_MSGSEND = YES;
				ENABLE_TESTABILITY = YES;
				GCC_C_LANGUAGE_STANDARD = gnu11;
				GCC_DYNAMIC_NO_PIC = NO;
				GCC_NO_COMMON_BLOCKS = YES;
				GCC_PREPROCESSOR_DEFINITIONS = (
					"DEBUG=1",
					"$(inherited)",
				);
				GCC_WARN_64_TO_32_BIT_CONVERSION = YES;
				GCC_WARN_ABOUT_RETURN_TYPE = YES_ERROR;
				GCC_WARN_UNDECLARED_SELECTOR = YES;
				GCC_WARN_UNINITIALIZED_AUTOS = YES_AGGRESSIVE;
				GCC_WARN_UNUSED_FUNCTION = YES;
				GCC_WARN_UNUSED_VARIABLE = YES;
				GENERATE_INFOPLIST_FILE = YES;
				INFOPLIST_FILE = WiOS/Info.plist;
				INFOPLIST_KEY_CFBundleDisplayName = "Walk Day";
				INFOPLIST_KEY_NSHealthShareUsageDescription = "Walk Day needs access to your step count, walking distance and calories burned while walking to display an overview.";
				INFOPLIST_KEY_NSHealthUpdateUsageDescription = "Walk Day needs access to your step count, walking distance and calories burned while walking to display an overview.";
				INFOPLIST_KEY_NSHumanReadableCopyright = "";
				LD_RUNPATH_SEARCH_PATHS = (
					"$(inherited)",
					"@executable_path/Frameworks",
					"@executable_path/../../Frameworks",
				);
				MTL_ENABLE_DEBUG_INFO = INCLUDE_SOURCE;
				MTL_FAST_MATH = YES;
				ONLY_ACTIVE_ARCH = YES;
				PRODUCT_BUNDLE_IDENTIFIER = walkday.widget;
				PRODUCT_MODULE_NAME = "$(PRODUCT_NAME:c99extidentifier)widget";
				SDKROOT = iphoneos;
				SKIP_INSTALL = YES;
				SWIFT_ACTIVE_COMPILATION_CONDITIONS = DEBUG;
				SWIFT_EMIT_LOC_STRINGS = YES;
				TARGETED_DEVICE_FAMILY = "1,2";
			};
			name = Debug;
		};
		CEC5FF5A28F439C50083BD89 /* Release */ = {
			isa = XCBuildConfiguration;
			buildSettings = {
				ALWAYS_SEARCH_USER_PATHS = NO;
				ASSETCATALOG_COMPILER_GLOBAL_ACCENT_COLOR_NAME = AccentColor;
				ASSETCATALOG_COMPILER_WIDGET_BACKGROUND_COLOR_NAME = WidgetBackground;
				CLANG_ANALYZER_NONNULL = YES;
				CLANG_ANALYZER_NUMBER_OBJECT_CONVERSION = YES_AGGRESSIVE;
				CLANG_CXX_LANGUAGE_STANDARD = "gnu++20";
				CLANG_ENABLE_OBJC_ARC = YES;
				CLANG_ENABLE_OBJC_WEAK = YES;
				CLANG_WARN_BLOCK_CAPTURE_AUTORELEASING = YES;
				CLANG_WARN_BOOL_CONVERSION = YES;
				CLANG_WARN_COMMA = YES;
				CLANG_WARN_CONSTANT_CONVERSION = YES;
				CLANG_WARN_DEPRECATED_OBJC_IMPLEMENTATIONS = YES;
				CLANG_WARN_DIRECT_OBJC_ISA_USAGE = YES_ERROR;
				CLANG_WARN_DOCUMENTATION_COMMENTS = YES;
				CLANG_WARN_EMPTY_BODY = YES;
				CLANG_WARN_ENUM_CONVERSION = YES;
				CLANG_WARN_INFINITE_RECURSION = YES;
				CLANG_WARN_INT_CONVERSION = YES;
				CLANG_WARN_NON_LITERAL_NULL_CONVERSION = YES;
				CLANG_WARN_OBJC_IMPLICIT_RETAIN_SELF = YES;
				CLANG_WARN_OBJC_LITERAL_CONVERSION = YES;
				CLANG_WARN_OBJC_ROOT_CLASS = YES_ERROR;
				CLANG_WARN_QUOTED_INCLUDE_IN_FRAMEWORK_HEADER = YES;
				CLANG_WARN_RANGE_LOOP_ANALYSIS = YES;
				CLANG_WARN_STRICT_PROTOTYPES = YES;
				CLANG_WARN_SUSPICIOUS_MOVE = YES;
				CLANG_WARN_UNGUARDED_AVAILABILITY = YES_AGGRESSIVE;
				CLANG_WARN_UNREACHABLE_CODE = YES;
				CLANG_WARN__DUPLICATE_METHOD_MATCH = YES;
				CODE_SIGN_ENTITLEMENTS = WiOSExtension.entitlements;
				CODE_SIGN_STYLE = Automatic;
				COPY_PHASE_STRIP = NO;
				DEVELOPMENT_TEAM = 7AMWG3RLHN;
				ENABLE_NS_ASSERTIONS = NO;
				ENABLE_STRICT_OBJC_MSGSEND = YES;
				GCC_C_LANGUAGE_STANDARD = gnu11;
				GCC_NO_COMMON_BLOCKS = YES;
				GCC_WARN_64_TO_32_BIT_CONVERSION = YES;
				GCC_WARN_ABOUT_RETURN_TYPE = YES_ERROR;
				GCC_WARN_UNDECLARED_SELECTOR = YES;
				GCC_WARN_UNINITIALIZED_AUTOS = YES_AGGRESSIVE;
				GCC_WARN_UNUSED_FUNCTION = YES;
				GCC_WARN_UNUSED_VARIABLE = YES;
				GENERATE_INFOPLIST_FILE = YES;
				INFOPLIST_FILE = WiOS/Info.plist;
				INFOPLIST_KEY_CFBundleDisplayName = "Walk Day";
				INFOPLIST_KEY_NSHealthShareUsageDescription = "Walk Day needs access to your step count, walking distance and calories burned while walking to display an overview.";
				INFOPLIST_KEY_NSHealthUpdateUsageDescription = "Walk Day needs access to your step count, walking distance and calories burned while walking to display an overview.";
				INFOPLIST_KEY_NSHumanReadableCopyright = "";
				LD_RUNPATH_SEARCH_PATHS = (
					"$(inherited)",
					"@executable_path/Frameworks",
					"@executable_path/../../Frameworks",
				);
				MTL_ENABLE_DEBUG_INFO = NO;
				MTL_FAST_MATH = YES;
				PRODUCT_BUNDLE_IDENTIFIER = walkday.widget;
				PRODUCT_MODULE_NAME = "$(PRODUCT_NAME:c99extidentifier)widget";
				SDKROOT = iphoneos;
				SKIP_INSTALL = YES;
				SWIFT_EMIT_LOC_STRINGS = YES;
				TARGETED_DEVICE_FAMILY = "1,2";
				VALIDATE_PRODUCT = YES;
			};
			name = Release;
		};
/* End XCBuildConfiguration section */

/* Begin XCConfigurationList section */
		CE5CAB2B28D1F005009EDDBC /* Build configuration list for PBXProject "Walk Day" */ = {
			isa = XCConfigurationList;
			buildConfigurations = (
				CE5CAB2C28D1F005009EDDBC /* Debug */,
				CE5CAB2D28D1F005009EDDBC /* Release */,
			);
			defaultConfigurationIsVisible = 0;
			defaultConfigurationName = Release;
		};
		CE812B6A28D1F11400CD2210 /* Build configuration list for PBXNativeTarget "iOS" */ = {
			isa = XCConfigurationList;
			buildConfigurations = (
				CE812B6828D1F11400CD2210 /* Debug */,
				CE812B6928D1F11400CD2210 /* Release */,
			);
			defaultConfigurationIsVisible = 0;
			defaultConfigurationName = Release;
		};
		CEAA3A5B28F301340030DF7D /* Build configuration list for PBXNativeTarget "watchOS" */ = {
			isa = XCConfigurationList;
			buildConfigurations = (
				CEAA3A5928F301340030DF7D /* Debug */,
				CEAA3A5A28F301340030DF7D /* Release */,
			);
			defaultConfigurationIsVisible = 0;
			defaultConfigurationName = Release;
		};
		CEC5FF5B28F439C50083BD89 /* Build configuration list for PBXNativeTarget "WiOSExtension" */ = {
			isa = XCConfigurationList;
			buildConfigurations = (
				CEC5FF5928F439C50083BD89 /* Debug */,
				CEC5FF5A28F439C50083BD89 /* Release */,
			);
			defaultConfigurationIsVisible = 0;
			defaultConfigurationName = Release;
		};
/* End XCConfigurationList section */

/* Begin XCSwiftPackageProductDependency section */
		CE789EB828E1DC19006928DE /* Walker */ = {
			isa = XCSwiftPackageProductDependency;
			productName = Walker;
		};
		CEAA3A5F28F31A190030DF7D /* Walker */ = {
			isa = XCSwiftPackageProductDependency;
			productName = Walker;
		};
		CEC5FF6528F43AED0083BD89 /* Walker */ = {
			isa = XCSwiftPackageProductDependency;
			productName = Walker;
		};
/* End XCSwiftPackageProductDependency section */
	};
	rootObject = CE5CAB2828D1F005009EDDBC /* Project object */;
}
